// !$*UTF8*$!
{
	archiveVersion = 1;
	classes = {
	};
	objectVersion = 56;
	objects = {

/* Begin PBXBuildFile section */
		AD3BE00D298A48FA005F60D6 /* Arrows.metal in Sources */ = {isa = PBXBuildFile; fileRef = AD3BE00C298A48FA005F60D6 /* Arrows.metal */; };
		AD3BE00F298A4DEB005F60D6 /* ArrowsKernel.swift in Sources */ = {isa = PBXBuildFile; fileRef = AD3BE00E298A4DEB005F60D6 /* ArrowsKernel.swift */; };
		AD3BE012298A6009005F60D6 /* FieldKernel.swift in Sources */ = {isa = PBXBuildFile; fileRef = AD3BE011298A6009005F60D6 /* FieldKernel.swift */; };
		AD3BE014298A69BC005F60D6 /* Field.metal in Sources */ = {isa = PBXBuildFile; fileRef = AD3BE013298A69BC005F60D6 /* Field.metal */; };
		AD4598D5297FF134005364FD /* LinePlotKernel.swift in Sources */ = {isa = PBXBuildFile; fileRef = AD4598D4297FF134005364FD /* LinePlotKernel.swift */; };
		AD4598D7297FF16E005364FD /* DotsPlotKernel.swift in Sources */ = {isa = PBXBuildFile; fileRef = AD4598D6297FF16E005364FD /* DotsPlotKernel.swift */; };
		AD4598D9297FF23C005364FD /* DotsPlot.metal in Sources */ = {isa = PBXBuildFile; fileRef = AD4598D8297FF23C005364FD /* DotsPlot.metal */; };
		ADA7F9552954AC2500BE72E7 /* AppDelegate.swift in Sources */ = {isa = PBXBuildFile; fileRef = ADA7F9542954AC2500BE72E7 /* AppDelegate.swift */; };
		ADA7F9572954AC2500BE72E7 /* SceneDelegate.swift in Sources */ = {isa = PBXBuildFile; fileRef = ADA7F9562954AC2500BE72E7 /* SceneDelegate.swift */; };
		ADA7F9592954AC2500BE72E7 /* ViewController.swift in Sources */ = {isa = PBXBuildFile; fileRef = ADA7F9582954AC2500BE72E7 /* ViewController.swift */; };
		ADA7F95E2954AC2600BE72E7 /* Assets.xcassets in Resources */ = {isa = PBXBuildFile; fileRef = ADA7F95D2954AC2600BE72E7 /* Assets.xcassets */; };
		ADA7F9612954AC2600BE72E7 /* LaunchScreen.storyboard in Resources */ = {isa = PBXBuildFile; fileRef = ADA7F95F2954AC2600BE72E7 /* LaunchScreen.storyboard */; };
		ADA7F96A2954AC8200BE72E7 /* MTLContext.swift in Sources */ = {isa = PBXBuildFile; fileRef = ADA7F9692954AC8200BE72E7 /* MTLContext.swift */; };
		ADA7F96C2954AC9500BE72E7 /* Shaders.metal in Sources */ = {isa = PBXBuildFile; fileRef = ADA7F96B2954AC9500BE72E7 /* Shaders.metal */; };
		ADA7F96E29575B4B00BE72E7 /* KeysTimeline.swift in Sources */ = {isa = PBXBuildFile; fileRef = ADA7F96D29575B4B00BE72E7 /* KeysTimeline.swift */; };
		ADD06B672976C9F200CF2075 /* PlotKernel.swift in Sources */ = {isa = PBXBuildFile; fileRef = ADD06B662976C9F200CF2075 /* PlotKernel.swift */; };
		ADD06B692976C9F800CF2075 /* LinePlot.metal in Sources */ = {isa = PBXBuildFile; fileRef = ADD06B682976C9F800CF2075 /* LinePlot.metal */; };
		ADF7BD4229753E69007F0D6D /* GridKernel.swift in Sources */ = {isa = PBXBuildFile; fileRef = ADF7BD4129753E69007F0D6D /* GridKernel.swift */; };
		ADF7BD4429753F12007F0D6D /* Grid.metal in Sources */ = {isa = PBXBuildFile; fileRef = ADF7BD4329753F12007F0D6D /* Grid.metal */; };
		ADF7BD4629753F7B007F0D6D /* Misc.metal in Sources */ = {isa = PBXBuildFile; fileRef = ADF7BD4529753F7B007F0D6D /* Misc.metal */; };
		ADF7BD49297540B3007F0D6D /* Circles.metal in Sources */ = {isa = PBXBuildFile; fileRef = ADF7BD48297540B3007F0D6D /* Circles.metal */; };
		ADF7BD4B297540BB007F0D6D /* CirclesKernel.swift in Sources */ = {isa = PBXBuildFile; fileRef = ADF7BD4A297540BB007F0D6D /* CirclesKernel.swift */; };
		ADF7BD4D29754165007F0D6D /* Common.metal in Sources */ = {isa = PBXBuildFile; fileRef = ADF7BD4C29754165007F0D6D /* Common.metal */; };
		ADF7BD502975441A007F0D6D /* Graph.metal in Sources */ = {isa = PBXBuildFile; fileRef = ADF7BD4F2975441A007F0D6D /* Graph.metal */; };
		ADF7BD52297544E9007F0D6D /* GraphKernel.swift in Sources */ = {isa = PBXBuildFile; fileRef = ADF7BD51297544E9007F0D6D /* GraphKernel.swift */; };
/* End PBXBuildFile section */

/* Begin PBXFileReference section */
		AD3BE00C298A48FA005F60D6 /* Arrows.metal */ = {isa = PBXFileReference; lastKnownFileType = sourcecode.metal; path = Arrows.metal; sourceTree = "<group>"; };
		AD3BE00E298A4DEB005F60D6 /* ArrowsKernel.swift */ = {isa = PBXFileReference; lastKnownFileType = sourcecode.swift; path = ArrowsKernel.swift; sourceTree = "<group>"; };
		AD3BE011298A6009005F60D6 /* FieldKernel.swift */ = {isa = PBXFileReference; lastKnownFileType = sourcecode.swift; path = FieldKernel.swift; sourceTree = "<group>"; };
		AD3BE013298A69BC005F60D6 /* Field.metal */ = {isa = PBXFileReference; lastKnownFileType = sourcecode.metal; path = Field.metal; sourceTree = "<group>"; };
		AD4598D4297FF134005364FD /* LinePlotKernel.swift */ = {isa = PBXFileReference; lastKnownFileType = sourcecode.swift; path = LinePlotKernel.swift; sourceTree = "<group>"; };
		AD4598D6297FF16E005364FD /* DotsPlotKernel.swift */ = {isa = PBXFileReference; lastKnownFileType = sourcecode.swift; path = DotsPlotKernel.swift; sourceTree = "<group>"; };
		AD4598D8297FF23C005364FD /* DotsPlot.metal */ = {isa = PBXFileReference; lastKnownFileType = sourcecode.metal; path = DotsPlot.metal; sourceTree = "<group>"; };
		ADA7F9512954AC2500BE72E7 /* linal-sandbox.app */ = {isa = PBXFileReference; explicitFileType = wrapper.application; includeInIndex = 0; path = "linal-sandbox.app"; sourceTree = BUILT_PRODUCTS_DIR; };
		ADA7F9542954AC2500BE72E7 /* AppDelegate.swift */ = {isa = PBXFileReference; lastKnownFileType = sourcecode.swift; path = AppDelegate.swift; sourceTree = "<group>"; };
		ADA7F9562954AC2500BE72E7 /* SceneDelegate.swift */ = {isa = PBXFileReference; lastKnownFileType = sourcecode.swift; path = SceneDelegate.swift; sourceTree = "<group>"; };
		ADA7F9582954AC2500BE72E7 /* ViewController.swift */ = {isa = PBXFileReference; lastKnownFileType = sourcecode.swift; path = ViewController.swift; sourceTree = "<group>"; };
		ADA7F95D2954AC2600BE72E7 /* Assets.xcassets */ = {isa = PBXFileReference; lastKnownFileType = folder.assetcatalog; path = Assets.xcassets; sourceTree = "<group>"; };
		ADA7F9602954AC2600BE72E7 /* Base */ = {isa = PBXFileReference; lastKnownFileType = file.storyboard; name = Base; path = Base.lproj/LaunchScreen.storyboard; sourceTree = "<group>"; };
		ADA7F9622954AC2600BE72E7 /* Info.plist */ = {isa = PBXFileReference; lastKnownFileType = text.plist.xml; path = Info.plist; sourceTree = "<group>"; };
		ADA7F9682954AC6700BE72E7 /* linal-sandbox.entitlements */ = {isa = PBXFileReference; lastKnownFileType = text.plist.entitlements; path = "linal-sandbox.entitlements"; sourceTree = "<group>"; };
		ADA7F9692954AC8200BE72E7 /* MTLContext.swift */ = {isa = PBXFileReference; lastKnownFileType = sourcecode.swift; path = MTLContext.swift; sourceTree = "<group>"; };
		ADA7F96B2954AC9500BE72E7 /* Shaders.metal */ = {isa = PBXFileReference; lastKnownFileType = sourcecode.metal; path = Shaders.metal; sourceTree = "<group>"; };
		ADA7F96D29575B4B00BE72E7 /* KeysTimeline.swift */ = {isa = PBXFileReference; lastKnownFileType = sourcecode.swift; path = KeysTimeline.swift; sourceTree = "<group>"; };
		ADD06B662976C9F200CF2075 /* PlotKernel.swift */ = {isa = PBXFileReference; lastKnownFileType = sourcecode.swift; path = PlotKernel.swift; sourceTree = "<group>"; };
		ADD06B682976C9F800CF2075 /* LinePlot.metal */ = {isa = PBXFileReference; lastKnownFileType = sourcecode.metal; path = LinePlot.metal; sourceTree = "<group>"; };
		ADF7BD4129753E69007F0D6D /* GridKernel.swift */ = {isa = PBXFileReference; lastKnownFileType = sourcecode.swift; path = GridKernel.swift; sourceTree = "<group>"; };
		ADF7BD4329753F12007F0D6D /* Grid.metal */ = {isa = PBXFileReference; lastKnownFileType = sourcecode.metal; path = Grid.metal; sourceTree = "<group>"; };
		ADF7BD4529753F7B007F0D6D /* Misc.metal */ = {isa = PBXFileReference; lastKnownFileType = sourcecode.metal; path = Misc.metal; sourceTree = "<group>"; };
		ADF7BD48297540B3007F0D6D /* Circles.metal */ = {isa = PBXFileReference; lastKnownFileType = sourcecode.metal; path = Circles.metal; sourceTree = "<group>"; };
		ADF7BD4A297540BB007F0D6D /* CirclesKernel.swift */ = {isa = PBXFileReference; lastKnownFileType = sourcecode.swift; path = CirclesKernel.swift; sourceTree = "<group>"; };
		ADF7BD4C29754165007F0D6D /* Common.metal */ = {isa = PBXFileReference; lastKnownFileType = sourcecode.metal; path = Common.metal; sourceTree = "<group>"; };
		ADF7BD4F2975441A007F0D6D /* Graph.metal */ = {isa = PBXFileReference; lastKnownFileType = sourcecode.metal; path = Graph.metal; sourceTree = "<group>"; };
		ADF7BD51297544E9007F0D6D /* GraphKernel.swift */ = {isa = PBXFileReference; lastKnownFileType = sourcecode.swift; path = GraphKernel.swift; sourceTree = "<group>"; };
/* End PBXFileReference section */

/* Begin PBXFrameworksBuildPhase section */
		ADA7F94E2954AC2500BE72E7 /* Frameworks */ = {
			isa = PBXFrameworksBuildPhase;
			buildActionMask = 2147483647;
			files = (
			);
			runOnlyForDeploymentPostprocessing = 0;
		};
/* End PBXFrameworksBuildPhase section */

/* Begin PBXGroup section */
		AD3BE008298A47AA005F60D6 /* Field */ = {
			isa = PBXGroup;
			children = (
				AD3BE011298A6009005F60D6 /* FieldKernel.swift */,
				AD3BE013298A69BC005F60D6 /* Field.metal */,
			);
			path = Field;
			sourceTree = "<group>";
		};
		AD3BE00B298A48F3005F60D6 /* Arrows */ = {
			isa = PBXGroup;
			children = (
				AD3BE00C298A48FA005F60D6 /* Arrows.metal */,
				AD3BE00E298A4DEB005F60D6 /* ArrowsKernel.swift */,
			);
			path = Arrows;
			sourceTree = "<group>";
		};
		ADA7F9482954AC2500BE72E7 = {
			isa = PBXGroup;
			children = (
				ADA7F9532954AC2500BE72E7 /* linal-sandbox */,
				ADA7F9522954AC2500BE72E7 /* Products */,
			);
			sourceTree = "<group>";
		};
		ADA7F9522954AC2500BE72E7 /* Products */ = {
			isa = PBXGroup;
			children = (
				ADA7F9512954AC2500BE72E7 /* linal-sandbox.app */,
			);
			name = Products;
			sourceTree = "<group>";
		};
		ADA7F9532954AC2500BE72E7 /* linal-sandbox */ = {
			isa = PBXGroup;
			children = (
				AD3BE00B298A48F3005F60D6 /* Arrows */,
				AD3BE008298A47AA005F60D6 /* Field */,
				ADD06B652976C9EA00CF2075 /* Plot */,
				ADF7BD4E29754413007F0D6D /* Graph */,
				ADF7BD4729754089007F0D6D /* Circles */,
				ADF7BD4029753E5E007F0D6D /* Grid */,
				ADA7F9682954AC6700BE72E7 /* linal-sandbox.entitlements */,
				ADA7F9542954AC2500BE72E7 /* AppDelegate.swift */,
				ADA7F9562954AC2500BE72E7 /* SceneDelegate.swift */,
				ADA7F9582954AC2500BE72E7 /* ViewController.swift */,
				ADA7F95D2954AC2600BE72E7 /* Assets.xcassets */,
				ADA7F95F2954AC2600BE72E7 /* LaunchScreen.storyboard */,
				ADA7F9622954AC2600BE72E7 /* Info.plist */,
				ADA7F9692954AC8200BE72E7 /* MTLContext.swift */,
				ADA7F96B2954AC9500BE72E7 /* Shaders.metal */,
				ADA7F96D29575B4B00BE72E7 /* KeysTimeline.swift */,
				ADF7BD4529753F7B007F0D6D /* Misc.metal */,
				ADF7BD4C29754165007F0D6D /* Common.metal */,
			);
			path = "linal-sandbox";
			sourceTree = "<group>";
		};
		ADD06B652976C9EA00CF2075 /* Plot */ = {
			isa = PBXGroup;
			children = (
				ADD06B662976C9F200CF2075 /* PlotKernel.swift */,
				ADD06B682976C9F800CF2075 /* LinePlot.metal */,
				AD4598D4297FF134005364FD /* LinePlotKernel.swift */,
				AD4598D6297FF16E005364FD /* DotsPlotKernel.swift */,
				AD4598D8297FF23C005364FD /* DotsPlot.metal */,
			);
			path = Plot;
			sourceTree = "<group>";
		};
		ADF7BD4029753E5E007F0D6D /* Grid */ = {
			isa = PBXGroup;
			children = (
				ADF7BD4129753E69007F0D6D /* GridKernel.swift */,
				ADF7BD4329753F12007F0D6D /* Grid.metal */,
			);
			path = Grid;
			sourceTree = "<group>";
		};
		ADF7BD4729754089007F0D6D /* Circles */ = {
			isa = PBXGroup;
			children = (
				ADF7BD48297540B3007F0D6D /* Circles.metal */,
				ADF7BD4A297540BB007F0D6D /* CirclesKernel.swift */,
			);
			path = Circles;
			sourceTree = "<group>";
		};
		ADF7BD4E29754413007F0D6D /* Graph */ = {
			isa = PBXGroup;
			children = (
				ADF7BD4F2975441A007F0D6D /* Graph.metal */,
				ADF7BD51297544E9007F0D6D /* GraphKernel.swift */,
			);
			path = Graph;
			sourceTree = "<group>";
		};
/* End PBXGroup section */

/* Begin PBXNativeTarget section */
		ADA7F9502954AC2500BE72E7 /* linal-sandbox */ = {
			isa = PBXNativeTarget;
			buildConfigurationList = ADA7F9652954AC2600BE72E7 /* Build configuration list for PBXNativeTarget "linal-sandbox" */;
			buildPhases = (
				ADA7F94D2954AC2500BE72E7 /* Sources */,
				ADA7F94E2954AC2500BE72E7 /* Frameworks */,
				ADA7F94F2954AC2500BE72E7 /* Resources */,
			);
			buildRules = (
			);
			dependencies = (
			);
			name = "linal-sandbox";
			productName = "linal-sandbox";
			productReference = ADA7F9512954AC2500BE72E7 /* linal-sandbox.app */;
			productType = "com.apple.product-type.application";
		};
/* End PBXNativeTarget section */

/* Begin PBXProject section */
		ADA7F9492954AC2500BE72E7 /* Project object */ = {
			isa = PBXProject;
			attributes = {
				BuildIndependentTargetsInParallel = 1;
				LastSwiftUpdateCheck = 1400;
				LastUpgradeCheck = 1400;
				TargetAttributes = {
					ADA7F9502954AC2500BE72E7 = {
						CreatedOnToolsVersion = 14.0.1;
						LastSwiftMigration = 1400;
					};
				};
			};
			buildConfigurationList = ADA7F94C2954AC2500BE72E7 /* Build configuration list for PBXProject "linal-sandbox" */;
			compatibilityVersion = "Xcode 14.0";
			developmentRegion = en;
			hasScannedForEncodings = 0;
			knownRegions = (
				en,
				Base,
			);
			mainGroup = ADA7F9482954AC2500BE72E7;
			productRefGroup = ADA7F9522954AC2500BE72E7 /* Products */;
			projectDirPath = "";
			projectRoot = "";
			targets = (
				ADA7F9502954AC2500BE72E7 /* linal-sandbox */,
			);
		};
/* End PBXProject section */

/* Begin PBXResourcesBuildPhase section */
		ADA7F94F2954AC2500BE72E7 /* Resources */ = {
			isa = PBXResourcesBuildPhase;
			buildActionMask = 2147483647;
			files = (
				ADA7F9612954AC2600BE72E7 /* LaunchScreen.storyboard in Resources */,
				ADA7F95E2954AC2600BE72E7 /* Assets.xcassets in Resources */,
			);
			runOnlyForDeploymentPostprocessing = 0;
		};
/* End PBXResourcesBuildPhase section */

/* Begin PBXSourcesBuildPhase section */
		ADA7F94D2954AC2500BE72E7 /* Sources */ = {
			isa = PBXSourcesBuildPhase;
			buildActionMask = 2147483647;
			files = (
				ADA7F9592954AC2500BE72E7 /* ViewController.swift in Sources */,
				AD3BE00D298A48FA005F60D6 /* Arrows.metal in Sources */,
				ADF7BD4429753F12007F0D6D /* Grid.metal in Sources */,
				ADF7BD4D29754165007F0D6D /* Common.metal in Sources */,
				AD4598D9297FF23C005364FD /* DotsPlot.metal in Sources */,
				ADF7BD4629753F7B007F0D6D /* Misc.metal in Sources */,
				ADA7F96A2954AC8200BE72E7 /* MTLContext.swift in Sources */,
				AD4598D5297FF134005364FD /* LinePlotKernel.swift in Sources */,
				AD3BE014298A69BC005F60D6 /* Field.metal in Sources */,
				ADA7F9552954AC2500BE72E7 /* AppDelegate.swift in Sources */,
				AD4598D7297FF16E005364FD /* DotsPlotKernel.swift in Sources */,
				ADA7F9572954AC2500BE72E7 /* SceneDelegate.swift in Sources */,
				AD3BE012298A6009005F60D6 /* FieldKernel.swift in Sources */,
				ADF7BD4229753E69007F0D6D /* GridKernel.swift in Sources */,
				ADF7BD49297540B3007F0D6D /* Circles.metal in Sources */,
				ADF7BD52297544E9007F0D6D /* GraphKernel.swift in Sources */,
				ADD06B692976C9F800CF2075 /* LinePlot.metal in Sources */,
				ADF7BD502975441A007F0D6D /* Graph.metal in Sources */,
				ADF7BD4B297540BB007F0D6D /* CirclesKernel.swift in Sources */,
				ADD06B672976C9F200CF2075 /* PlotKernel.swift in Sources */,
				ADA7F96E29575B4B00BE72E7 /* KeysTimeline.swift in Sources */,
				AD3BE00F298A4DEB005F60D6 /* ArrowsKernel.swift in Sources */,
				ADA7F96C2954AC9500BE72E7 /* Shaders.metal in Sources */,
			);
			runOnlyForDeploymentPostprocessing = 0;
		};
/* End PBXSourcesBuildPhase section */

/* Begin PBXVariantGroup section */
		ADA7F95F2954AC2600BE72E7 /* LaunchScreen.storyboard */ = {
			isa = PBXVariantGroup;
			children = (
				ADA7F9602954AC2600BE72E7 /* Base */,
			);
			name = LaunchScreen.storyboard;
			sourceTree = "<group>";
		};
/* End PBXVariantGroup section */

/* Begin XCBuildConfiguration section */
		ADA7F9632954AC2600BE72E7 /* Debug */ = {
			isa = XCBuildConfiguration;
			buildSettings = {
				ALWAYS_SEARCH_USER_PATHS = NO;
				CLANG_ANALYZER_NONNULL = YES;
				CLANG_ANALYZER_NUMBER_OBJECT_CONVERSION = YES_AGGRESSIVE;
				CLANG_CXX_LANGUAGE_STANDARD = "gnu++20";
				CLANG_ENABLE_MODULES = YES;
				CLANG_ENABLE_OBJC_ARC = YES;
				CLANG_ENABLE_OBJC_WEAK = YES;
				CLANG_WARN_BLOCK_CAPTURE_AUTORELEASING = YES;
				CLANG_WARN_BOOL_CONVERSION = YES;
				CLANG_WARN_COMMA = YES;
				CLANG_WARN_CONSTANT_CONVERSION = YES;
				CLANG_WARN_DEPRECATED_OBJC_IMPLEMENTATIONS = YES;
				CLANG_WARN_DIRECT_OBJC_ISA_USAGE = YES_ERROR;
				CLANG_WARN_DOCUMENTATION_COMMENTS = YES;
				CLANG_WARN_EMPTY_BODY = YES;
				CLANG_WARN_ENUM_CONVERSION = YES;
				CLANG_WARN_INFINITE_RECURSION = YES;
				CLANG_WARN_INT_CONVERSION = YES;
				CLANG_WARN_NON_LITERAL_NULL_CONVERSION = YES;
				CLANG_WARN_OBJC_IMPLICIT_RETAIN_SELF = YES;
				CLANG_WARN_OBJC_LITERAL_CONVERSION = YES;
				CLANG_WARN_OBJC_ROOT_CLASS = YES_ERROR;
				CLANG_WARN_QUOTED_INCLUDE_IN_FRAMEWORK_HEADER = YES;
				CLANG_WARN_RANGE_LOOP_ANALYSIS = YES;
				CLANG_WARN_STRICT_PROTOTYPES = YES;
				CLANG_WARN_SUSPICIOUS_MOVE = YES;
				CLANG_WARN_UNGUARDED_AVAILABILITY = YES_AGGRESSIVE;
				CLANG_WARN_UNREACHABLE_CODE = YES;
				CLANG_WARN__DUPLICATE_METHOD_MATCH = YES;
				COPY_PHASE_STRIP = NO;
				DEBUG_INFORMATION_FORMAT = dwarf;
				ENABLE_STRICT_OBJC_MSGSEND = YES;
				ENABLE_TESTABILITY = YES;
				GCC_C_LANGUAGE_STANDARD = gnu11;
				GCC_DYNAMIC_NO_PIC = NO;
				GCC_NO_COMMON_BLOCKS = YES;
				GCC_OPTIMIZATION_LEVEL = 0;
				GCC_PREPROCESSOR_DEFINITIONS = (
					"DEBUG=1",
					"$(inherited)",
				);
				GCC_WARN_64_TO_32_BIT_CONVERSION = YES;
				GCC_WARN_ABOUT_RETURN_TYPE = YES_ERROR;
				GCC_WARN_UNDECLARED_SELECTOR = YES;
				GCC_WARN_UNINITIALIZED_AUTOS = YES_AGGRESSIVE;
				GCC_WARN_UNUSED_FUNCTION = YES;
				GCC_WARN_UNUSED_VARIABLE = YES;
				IPHONEOS_DEPLOYMENT_TARGET = 16.0;
				MTL_ENABLE_DEBUG_INFO = INCLUDE_SOURCE;
				MTL_FAST_MATH = YES;
				ONLY_ACTIVE_ARCH = YES;
				SDKROOT = iphoneos;
				SWIFT_ACTIVE_COMPILATION_CONDITIONS = DEBUG;
				SWIFT_OPTIMIZATION_LEVEL = "-Onone";
			};
			name = Debug;
		};
		ADA7F9642954AC2600BE72E7 /* Release */ = {
			isa = XCBuildConfiguration;
			buildSettings = {
				ALWAYS_SEARCH_USER_PATHS = NO;
				CLANG_ANALYZER_NONNULL = YES;
				CLANG_ANALYZER_NUMBER_OBJECT_CONVERSION = YES_AGGRESSIVE;
				CLANG_CXX_LANGUAGE_STANDARD = "gnu++20";
				CLANG_ENABLE_MODULES = YES;
				CLANG_ENABLE_OBJC_ARC = YES;
				CLANG_ENABLE_OBJC_WEAK = YES;
				CLANG_WARN_BLOCK_CAPTURE_AUTORELEASING = YES;
				CLANG_WARN_BOOL_CONVERSION = YES;
				CLANG_WARN_COMMA = YES;
				CLANG_WARN_CONSTANT_CONVERSION = YES;
				CLANG_WARN_DEPRECATED_OBJC_IMPLEMENTATIONS = YES;
				CLANG_WARN_DIRECT_OBJC_ISA_USAGE = YES_ERROR;
				CLANG_WARN_DOCUMENTATION_COMMENTS = YES;
				CLANG_WARN_EMPTY_BODY = YES;
				CLANG_WARN_ENUM_CONVERSION = YES;
				CLANG_WARN_INFINITE_RECURSION = YES;
				CLANG_WARN_INT_CONVERSION = YES;
				CLANG_WARN_NON_LITERAL_NULL_CONVERSION = YES;
				CLANG_WARN_OBJC_IMPLICIT_RETAIN_SELF = YES;
				CLANG_WARN_OBJC_LITERAL_CONVERSION = YES;
				CLANG_WARN_OBJC_ROOT_CLASS = YES_ERROR;
				CLANG_WARN_QUOTED_INCLUDE_IN_FRAMEWORK_HEADER = YES;
				CLANG_WARN_RANGE_LOOP_ANALYSIS = YES;
				CLANG_WARN_STRICT_PROTOTYPES = YES;
				CLANG_WARN_SUSPICIOUS_MOVE = YES;
				CLANG_WARN_UNGUARDED_AVAILABILITY = YES_AGGRESSIVE;
				CLANG_WARN_UNREACHABLE_CODE = YES;
				CLANG_WARN__DUPLICATE_METHOD_MATCH = YES;
				COPY_PHASE_STRIP = NO;
				DEBUG_INFORMATION_FORMAT = "dwarf-with-dsym";
				ENABLE_NS_ASSERTIONS = NO;
				ENABLE_STRICT_OBJC_MSGSEND = YES;
				GCC_C_LANGUAGE_STANDARD = gnu11;
				GCC_NO_COMMON_BLOCKS = YES;
				GCC_WARN_64_TO_32_BIT_CONVERSION = YES;
				GCC_WARN_ABOUT_RETURN_TYPE = YES_ERROR;
				GCC_WARN_UNDECLARED_SELECTOR = YES;
				GCC_WARN_UNINITIALIZED_AUTOS = YES_AGGRESSIVE;
				GCC_WARN_UNUSED_FUNCTION = YES;
				GCC_WARN_UNUSED_VARIABLE = YES;
				IPHONEOS_DEPLOYMENT_TARGET = 16.0;
				MTL_ENABLE_DEBUG_INFO = NO;
				MTL_FAST_MATH = YES;
				SDKROOT = iphoneos;
				SWIFT_COMPILATION_MODE = wholemodule;
				SWIFT_OPTIMIZATION_LEVEL = "-O";
				VALIDATE_PRODUCT = YES;
			};
			name = Release;
		};
		ADA7F9662954AC2600BE72E7 /* Debug */ = {
			isa = XCBuildConfiguration;
			buildSettings = {
				ASSETCATALOG_COMPILER_APPICON_NAME = AppIcon;
				ASSETCATALOG_COMPILER_GLOBAL_ACCENT_COLOR_NAME = AccentColor;
				CLANG_ENABLE_MODULES = YES;
				CODE_SIGN_ENTITLEMENTS = "linal-sandbox/linal-sandbox.entitlements";
				CODE_SIGN_STYLE = Automatic;
				CURRENT_PROJECT_VERSION = 1;
				DEVELOPMENT_TEAM = 8J36HRS7L3;
				GENERATE_INFOPLIST_FILE = YES;
				INFOPLIST_FILE = "linal-sandbox/Info.plist";
				INFOPLIST_KEY_UIApplicationSupportsIndirectInputEvents = YES;
				INFOPLIST_KEY_UILaunchStoryboardName = LaunchScreen;
				INFOPLIST_KEY_UISupportedInterfaceOrientations_iPad = "UIInterfaceOrientationPortrait UIInterfaceOrientationPortraitUpsideDown UIInterfaceOrientationLandscapeLeft UIInterfaceOrientationLandscapeRight";
				INFOPLIST_KEY_UISupportedInterfaceOrientations_iPhone = "UIInterfaceOrientationPortrait UIInterfaceOrientationLandscapeLeft UIInterfaceOrientationLandscapeRight";
				LD_RUNPATH_SEARCH_PATHS = (
					"$(inherited)",
					"@executable_path/Frameworks",
				);
				MARKETING_VERSION = 1.0;
				PRODUCT_BUNDLE_IDENTIFIER = "com.zhvrnkov.linal-sandbox";
				PRODUCT_NAME = "$(TARGET_NAME)";
				SUPPORTED_PLATFORMS = "iphoneos iphonesimulator";
				SUPPORTS_MACCATALYST = YES;
				SUPPORTS_MAC_DESIGNED_FOR_IPHONE_IPAD = YES;
				SWIFT_EMIT_LOC_STRINGS = YES;
				SWIFT_OPTIMIZATION_LEVEL = "-Onone";
				SWIFT_VERSION = 5.0;
				TARGETED_DEVICE_FAMILY = "1,2";
			};
			name = Debug;
		};
		ADA7F9672954AC2600BE72E7 /* Release */ = {
			isa = XCBuildConfiguration;
			buildSettings = {
				ASSETCATALOG_COMPILER_APPICON_NAME = AppIcon;
				ASSETCATALOG_COMPILER_GLOBAL_ACCENT_COLOR_NAME = AccentColor;
				CLANG_ENABLE_MODULES = YES;
				CODE_SIGN_ENTITLEMENTS = "linal-sandbox/linal-sandbox.entitlements";
				CODE_SIGN_STYLE = Automatic;
				CURRENT_PROJECT_VERSION = 1;
				DEVELOPMENT_TEAM = 8J36HRS7L3;
				GENERATE_INFOPLIST_FILE = YES;
				INFOPLIST_FILE = "linal-sandbox/Info.plist";
				INFOPLIST_KEY_UIApplicationSupportsIndirectInputEvents = YES;
				INFOPLIST_KEY_UILaunchStoryboardName = LaunchScreen;
				INFOPLIST_KEY_UISupportedInterfaceOrientations_iPad = "UIInterfaceOrientationPortrait UIInterfaceOrientationPortraitUpsideDown UIInterfaceOrientationLandscapeLeft UIInterfaceOrientationLandscapeRight";
				INFOPLIST_KEY_UISupportedInterfaceOrientations_iPhone = "UIInterfaceOrientationPortrait UIInterfaceOrientationLandscapeLeft UIInterfaceOrientationLandscapeRight";
				LD_RUNPATH_SEARCH_PATHS = (
					"$(inherited)",
					"@executable_path/Frameworks",
				);
				MARKETING_VERSION = 1.0;
				PRODUCT_BUNDLE_IDENTIFIER = "com.zhvrnkov.linal-sandbox";
				PRODUCT_NAME = "$(TARGET_NAME)";
				SUPPORTED_PLATFORMS = "iphoneos iphonesimulator";
				SUPPORTS_MACCATALYST = YES;
				SUPPORTS_MAC_DESIGNED_FOR_IPHONE_IPAD = YES;
				SWIFT_EMIT_LOC_STRINGS = YES;
				SWIFT_VERSION = 5.0;
				TARGETED_DEVICE_FAMILY = "1,2";
			};
			name = Release;
		};
/* End XCBuildConfiguration section */

/* Begin XCConfigurationList section */
		ADA7F94C2954AC2500BE72E7 /* Build configuration list for PBXProject "linal-sandbox" */ = {
			isa = XCConfigurationList;
			buildConfigurations = (
				ADA7F9632954AC2600BE72E7 /* Debug */,
				ADA7F9642954AC2600BE72E7 /* Release */,
			);
			defaultConfigurationIsVisible = 0;
			defaultConfigurationName = Release;
		};
		ADA7F9652954AC2600BE72E7 /* Build configuration list for PBXNativeTarget "linal-sandbox" */ = {
			isa = XCConfigurationList;
			buildConfigurations = (
				ADA7F9662954AC2600BE72E7 /* Debug */,
				ADA7F9672954AC2600BE72E7 /* Release */,
			);
			defaultConfigurationIsVisible = 0;
			defaultConfigurationName = Release;
		};
/* End XCConfigurationList section */
	};
	rootObject = ADA7F9492954AC2500BE72E7 /* Project object */;
}
